// !$*UTF8*$!
{
	archiveVersion = 1;
	classes = {
	};
	objectVersion = 50;
	objects = {

/* Begin PBXBuildFile section */
		EE4C43F123F88C530054365D /* level1.txt in Resources */ = {isa = PBXBuildFile; fileRef = EE4C43EF23F88C530054365D /* level1.txt */; };
		EE4C43F223F88C530054365D /* level2.txt in Resources */ = {isa = PBXBuildFile; fileRef = EE4C43F023F88C530054365D /* level2.txt */; };
		EE52F81823F51F7C001E6348 /* AppDelegate.swift in Sources */ = {isa = PBXBuildFile; fileRef = EE52F81723F51F7C001E6348 /* AppDelegate.swift */; };
		EE52F81A23F51F7C001E6348 /* SceneDelegate.swift in Sources */ = {isa = PBXBuildFile; fileRef = EE52F81923F51F7C001E6348 /* SceneDelegate.swift */; };
		EE52F81C23F51F7C001E6348 /* ViewController.swift in Sources */ = {isa = PBXBuildFile; fileRef = EE52F81B23F51F7C001E6348 /* ViewController.swift */; };
		EE52F81F23F51F7C001E6348 /* Main.storyboard in Resources */ = {isa = PBXBuildFile; fileRef = EE52F81D23F51F7C001E6348 /* Main.storyboard */; };
		EE52F82123F51F87001E6348 /* Assets.xcassets in Resources */ = {isa = PBXBuildFile; fileRef = EE52F82023F51F87001E6348 /* Assets.xcassets */; };
		EE52F82423F51F87001E6348 /* LaunchScreen.storyboard in Resources */ = {isa = PBXBuildFile; fileRef = EE52F82223F51F87001E6348 /* LaunchScreen.storyboard */; };
/* End PBXBuildFile section */

/* Begin PBXFileReference section */
		EE4C43EF23F88C530054365D /* level1.txt */ = {isa = PBXFileReference; fileEncoding = 4; lastKnownFileType = text; path = level1.txt; sourceTree = "<group>"; };
		EE4C43F023F88C530054365D /* level2.txt */ = {isa = PBXFileReference; fileEncoding = 4; lastKnownFileType = text; path = level2.txt; sourceTree = "<group>"; };
		EE52F81423F51F7C001E6348 /* Guess the lyrics_app.app */ = {isa = PBXFileReference; explicitFileType = wrapper.application; includeInIndex = 0; path = "Guess the lyrics_app.app"; sourceTree = BUILT_PRODUCTS_DIR; };
		EE52F81723F51F7C001E6348 /* AppDelegate.swift */ = {isa = PBXFileReference; lastKnownFileType = sourcecode.swift; path = AppDelegate.swift; sourceTree = "<group>"; };
		EE52F81923F51F7C001E6348 /* SceneDelegate.swift */ = {isa = PBXFileReference; lastKnownFileType = sourcecode.swift; path = SceneDelegate.swift; sourceTree = "<group>"; };
		EE52F81B23F51F7C001E6348 /* ViewController.swift */ = {isa = PBXFileReference; lastKnownFileType = sourcecode.swift; path = ViewController.swift; sourceTree = "<group>"; };
		EE52F81E23F51F7C001E6348 /* Base */ = {isa = PBXFileReference; lastKnownFileType = file.storyboard; name = Base; path = Base.lproj/Main.storyboard; sourceTree = "<group>"; };
		EE52F82023F51F87001E6348 /* Assets.xcassets */ = {isa = PBXFileReference; lastKnownFileType = folder.assetcatalog; path = Assets.xcassets; sourceTree = "<group>"; };
		EE52F82323F51F87001E6348 /* Base */ = {isa = PBXFileReference; lastKnownFileType = file.storyboard; name = Base; path = Base.lproj/LaunchScreen.storyboard; sourceTree = "<group>"; };
		EE52F82523F51F87001E6348 /* Info.plist */ = {isa = PBXFileReference; lastKnownFileType = text.plist.xml; path = Info.plist; sourceTree = "<group>"; };
/* End PBXFileReference section */

/* Begin PBXFrameworksBuildPhase section */
		EE52F81123F51F7C001E6348 /* Frameworks */ = {
			isa = PBXFrameworksBuildPhase;
			buildActionMask = 2147483647;
			files = (
			);
			runOnlyForDeploymentPostprocessing = 0;
		};
/* End PBXFrameworksBuildPhase section */

/* Begin PBXGroup section */
		EE52F80B23F51F7C001E6348 = {
			isa = PBXGroup;
			children = (
				EE52F81623F51F7C001E6348 /* Guess the lyrics_app */,
				EE52F81523F51F7C001E6348 /* Products */,
			);
			sourceTree = "<group>";
		};
		EE52F81523F51F7C001E6348 /* Products */ = {
			isa = PBXGroup;
			children = (
				EE52F81423F51F7C001E6348 /* Guess the lyrics_app.app */,
			);
			name = Products;
			sourceTree = "<group>";
		};
		EE52F81623F51F7C001E6348 /* Guess the lyrics_app */ = {
			isa = PBXGroup;
			children = (
				EE52F81723F51F7C001E6348 /* AppDelegate.swift */,
				EE52F81923F51F7C001E6348 /* SceneDelegate.swift */,
				EE52F81B23F51F7C001E6348 /* ViewController.swift */,
				EE52F81D23F51F7C001E6348 /* Main.storyboard */,
				EE52F82023F51F87001E6348 /* Assets.xcassets */,
				EE52F82223F51F87001E6348 /* LaunchScreen.storyboard */,
				EE52F82523F51F87001E6348 /* Info.plist */,
				EE4C43EF23F88C530054365D /* level1.txt */,
				EE4C43F023F88C530054365D /* level2.txt */,
			);
			path = "Guess the lyrics_app";
			sourceTree = "<group>";
		};
/* End PBXGroup section */

/* Begin PBXNativeTarget section */
		EE52F81323F51F7C001E6348 /* Guess the lyrics_app */ = {
			isa = PBXNativeTarget;
			buildConfigurationList = EE52F82823F51F87001E6348 /* Build configuration list for PBXNativeTarget "Guess the lyrics_app" */;
			buildPhases = (
				EE52F81023F51F7C001E6348 /* Sources */,
				EE52F81123F51F7C001E6348 /* Frameworks */,
				EE52F81223F51F7C001E6348 /* Resources */,
			);
			buildRules = (
			);
			dependencies = (
			);
			name = "Guess the lyrics_app";
			productName = "Guess the lyrics_app";
			productReference = EE52F81423F51F7C001E6348 /* Guess the lyrics_app.app */;
			productType = "com.apple.product-type.application";
		};
/* End PBXNativeTarget section */

/* Begin PBXProject section */
		EE52F80C23F51F7C001E6348 /* Project object */ = {
			isa = PBXProject;
			attributes = {
				LastSwiftUpdateCheck = 1130;
				LastUpgradeCheck = 1130;
				ORGANIZATIONNAME = MeerkatWorks;
				TargetAttributes = {
					EE52F81323F51F7C001E6348 = {
						CreatedOnToolsVersion = 11.3.1;
					};
				};
			};
			buildConfigurationList = EE52F80F23F51F7C001E6348 /* Build configuration list for PBXProject "Guess the lyrics_app" */;
			compatibilityVersion = "Xcode 9.3";
			developmentRegion = en;
			hasScannedForEncodings = 0;
			knownRegions = (
				en,
				Base,
			);
			mainGroup = EE52F80B23F51F7C001E6348;
			productRefGroup = EE52F81523F51F7C001E6348 /* Products */;
			projectDirPath = "";
			projectRoot = "";
			targets = (
				EE52F81323F51F7C001E6348 /* Guess the lyrics_app */,
			);
		};
/* End PBXProject section */

/* Begin PBXResourcesBuildPhase section */
		EE52F81223F51F7C001E6348 /* Resources */ = {
			isa = PBXResourcesBuildPhase;
			buildActionMask = 2147483647;
			files = (
				EE4C43F223F88C530054365D /* level2.txt in Resources */,
				EE52F82423F51F87001E6348 /* LaunchScreen.storyboard in Resources */,
				EE4C43F123F88C530054365D /* level1.txt in Resources */,
				EE52F82123F51F87001E6348 /* Assets.xcassets in Resources */,
				EE52F81F23F51F7C001E6348 /* Main.storyboard in Resources */,
			);
			runOnlyForDeploymentPostprocessing = 0;
		};
/* End PBXResourcesBuildPhase section */

/* Begin PBXSourcesBuildPhase section */
		EE52F81023F51F7C001E6348 /* Sources */ = {
			isa = PBXSourcesBuildPhase;
			buildActionMask = 2147483647;
			files = (
				EE52F81C23F51F7C001E6348 /* ViewController.swift in Sources */,
				EE52F81823F51F7C001E6348 /* AppDelegate.swift in Sources */,
				EE52F81A23F51F7C001E6348 /* SceneDelegate.swift in Sources */,
			);
			runOnlyForDeploymentPostprocessing = 0;
		};
/* End PBXSourcesBuildPhase section */

/* Begin PBXVariantGroup section */
		EE52F81D23F51F7C001E6348 /* Main.storyboard */ = {
			isa = PBXVariantGroup;
			children = (
				EE52F81E23F51F7C001E6348 /* Base */,
			);
			name = Main.storyboard;
			sourceTree = "<group>";
		};
		EE52F82223F51F87001E6348 /* LaunchScreen.storyboard */ = {
			isa = PBXVariantGroup;
			children = (
				EE52F82323F51F87001E6348 /* Base */,
			);
			name = LaunchScreen.storyboard;
			sourceTree = "<group>";
		};
/* End PBXVariantGroup section */

/* Begin XCBuildConfiguration section */
		EE52F82623F51F87001E6348 /* Debug */ = {
			isa = XCBuildConfiguration;
			buildSettings = {
				ALWAYS_SEARCH_USER_PATHS = NO;
				CLANG_ANALYZER_NONNULL = YES;
				CLANG_ANALYZER_NUMBER_OBJECT_CONVERSION = YES_AGGRESSIVE;
				CLANG_CXX_LANGUAGE_STANDARD = "gnu++14";
				CLANG_CXX_LIBRARY = "libc++";
				CLANG_ENABLE_MODULES = YES;
				CLANG_ENABLE_OBJC_ARC = YES;
				CLANG_ENABLE_OBJC_WEAK = YES;
				CLANG_WARN_BLOCK_CAPTURE_AUTORELEASING = YES;
				CLANG_WARN_BOOL_CONVERSION = YES;
				CLANG_WARN_COMMA = YES;
				CLANG_WARN_CONSTANT_CONVERSION = YES;
				CLANG_WARN_DEPRECATED_OBJC_IMPLEMENTATIONS = YES;
				CLANG_WARN_DIRECT_OBJC_ISA_USAGE = YES_ERROR;
				CLANG_WARN_DOCUMENTATION_COMMENTS = YES;
				CLANG_WARN_EMPTY_BODY = YES;
				CLANG_WARN_ENUM_CONVERSION = YES;
				CLANG_WARN_INFINITE_RECURSION = YES;
				CLANG_WARN_INT_CONVERSION = YES;
				CLANG_WARN_NON_LITERAL_NULL_CONVERSION = YES;
				CLANG_WARN_OBJC_IMPLICIT_RETAIN_SELF = YES;
				CLANG_WARN_OBJC_LITERAL_CONVERSION = YES;
				CLANG_WARN_OBJC_ROOT_CLASS = YES_ERROR;
				CLANG_WARN_RANGE_LOOP_ANALYSIS = YES;
				CLANG_WARN_STRICT_PROTOTYPES = YES;
				CLANG_WARN_SUSPICIOUS_MOVE = YES;
				CLANG_WARN_UNGUARDED_AVAILABILITY = YES_AGGRESSIVE;
				CLANG_WARN_UNREACHABLE_CODE = YES;
				CLANG_WARN__DUPLICATE_METHOD_MATCH = YES;
				COPY_PHASE_STRIP = NO;
				DEBUG_INFORMATION_FORMAT = dwarf;
				ENABLE_STRICT_OBJC_MSGSEND = YES;
				ENABLE_TESTABILITY = YES;
				GCC_C_LANGUAGE_STANDARD = gnu11;
				GCC_DYNAMIC_NO_PIC = NO;
				GCC_NO_COMMON_BLOCKS = YES;
				GCC_OPTIMIZATION_LEVEL = 0;
				GCC_PREPROCESSOR_DEFINITIONS = (
					"DEBUG=1",
					"$(inherited)",
				);
				GCC_WARN_64_TO_32_BIT_CONVERSION = YES;
				GCC_WARN_ABOUT_RETURN_TYPE = YES_ERROR;
				GCC_WARN_UNDECLARED_SELECTOR = YES;
				GCC_WARN_UNINITIALIZED_AUTOS = YES_AGGRESSIVE;
				GCC_WARN_UNUSED_FUNCTION = YES;
				GCC_WARN_UNUSED_VARIABLE = YES;
				IPHONEOS_DEPLOYMENT_TARGET = 13.2;
				MTL_ENABLE_DEBUG_INFO = INCLUDE_SOURCE;
				MTL_FAST_MATH = YES;
				ONLY_ACTIVE_ARCH = YES;
				SDKROOT = iphoneos;
				SWIFT_ACTIVE_COMPILATION_CONDITIONS = DEBUG;
				SWIFT_OPTIMIZATION_LEVEL = "-Onone";
			};
			name = Debug;
		};
		EE52F82723F51F87001E6348 /* Release */ = {
			isa = XCBuildConfiguration;
			buildSettings = {
				ALWAYS_SEARCH_USER_PATHS = NO;
				CLANG_ANALYZER_NONNULL = YES;
				CLANG_ANALYZER_NUMBER_OBJECT_CONVERSION = YES_AGGRESSIVE;
				CLANG_CXX_LANGUAGE_STANDARD = "gnu++14";
				CLANG_CXX_LIBRARY = "libc++";
				CLANG_ENABLE_MODULES = YES;
				CLANG_ENABLE_OBJC_ARC = YES;
				CLANG_ENABLE_OBJC_WEAK = YES;
				CLANG_WARN_BLOCK_CAPTURE_AUTORELEASING = YES;
				CLANG_WARN_BOOL_CONVERSION = YES;
				CLANG_WARN_COMMA = YES;
				CLANG_WARN_CONSTANT_CONVERSION = YES;
				CLANG_WARN_DEPRECATED_OBJC_IMPLEMENTATIONS = YES;
				CLANG_WARN_DIRECT_OBJC_ISA_USAGE = YES_ERROR;
				CLANG_WARN_DOCUMENTATION_COMMENTS = YES;
				CLANG_WARN_EMPTY_BODY = YES;
				CLANG_WARN_ENUM_CONVERSION = YES;
				CLANG_WARN_INFINITE_RECURSION = YES;
				CLANG_WARN_INT_CONVERSION = YES;
				CLANG_WARN_NON_LITERAL_NULL_CONVERSION = YES;
				CLANG_WARN_OBJC_IMPLICIT_RETAIN_SELF = YES;
				CLANG_WARN_OBJC_LITERAL_CONVERSION = YES;
				CLANG_WARN_OBJC_ROOT_CLASS = YES_ERROR;
				CLANG_WARN_RANGE_LOOP_ANALYSIS = YES;
				CLANG_WARN_STRICT_PROTOTYPES = YES;
				CLANG_WARN_SUSPICIOUS_MOVE = YES;
				CLANG_WARN_UNGUARDED_AVAILABILITY = YES_AGGRESSIVE;
				CLANG_WARN_UNREACHABLE_CODE = YES;
				CLANG_WARN__DUPLICATE_METHOD_MATCH = YES;
				COPY_PHASE_STRIP = NO;
				DEBUG_INFORMATION_FORMAT = "dwarf-with-dsym";
				ENABLE_NS_ASSERTIONS = NO;
				ENABLE_STRICT_OBJC_MSGSEND = YES;
				GCC_C_LANGUAGE_STANDARD = gnu11;
				GCC_NO_COMMON_BLOCKS = YES;
				GCC_WARN_64_TO_32_BIT_CONVERSION = YES;
				GCC_WARN_ABOUT_RETURN_TYPE = YES_ERROR;
				GCC_WARN_UNDECLARED_SELECTOR = YES;
				GCC_WARN_UNINITIALIZED_AUTOS = YES_AGGRESSIVE;
				GCC_WARN_UNUSED_FUNCTION = YES;
				GCC_WARN_UNUSED_VARIABLE = YES;
				IPHONEOS_DEPLOYMENT_TARGET = 13.2;
				MTL_ENABLE_DEBUG_INFO = NO;
				MTL_FAST_MATH = YES;
				SDKROOT = iphoneos;
				SWIFT_COMPILATION_MODE = wholemodule;
				SWIFT_OPTIMIZATION_LEVEL = "-O";
				VALIDATE_PRODUCT = YES;
			};
			name = Release;
		};
		EE52F82923F51F87001E6348 /* Debug */ = {
			isa = XCBuildConfiguration;
			buildSettings = {
				ASSETCATALOG_COMPILER_APPICON_NAME = AppIcon;
				CODE_SIGN_STYLE = Automatic;
				DEVELOPMENT_TEAM = 7FZ5UVTS24;
				INFOPLIST_FILE = "Guess the lyrics_app/Info.plist";
				LD_RUNPATH_SEARCH_PATHS = (
					"$(inherited)",
					"@executable_path/Frameworks",
				);
				PRODUCT_BUNDLE_IDENTIFIER = "com.MeerkatWorks.Guess-the-lyrics-app";
				PRODUCT_NAME = "$(TARGET_NAME)";
				SWIFT_VERSION = 5.0;
				TARGETED_DEVICE_FAMILY = 2;
			};
			name = Debug;
		};
		EE52F82A23F51F87001E6348 /* Release */ = {
			isa = XCBuildConfiguration;
			buildSettings = {
				ASSETCATALOG_COMPILER_APPICON_NAME = AppIcon;
				CODE_SIGN_STYLE = Automatic;
				DEVELOPMENT_TEAM = 7FZ5UVTS24;
				INFOPLIST_FILE = "Guess the lyrics_app/Info.plist";
				LD_RUNPATH_SEARCH_PATHS = (
					"$(inherited)",
					"@executable_path/Frameworks",
				);
				PRODUCT_BUNDLE_IDENTIFIER = "com.MeerkatWorks.Guess-the-lyrics-app";
				PRODUCT_NAME = "$(TARGET_NAME)";
				SWIFT_VERSION = 5.0;
				TARGETED_DEVICE_FAMILY = 2;
			};
			name = Release;
		};
/* End XCBuildConfiguration section */

/* Begin XCConfigurationList section */
		EE52F80F23F51F7C001E6348 /* Build configuration list for PBXProject "Guess the lyrics_app" */ = {
			isa = XCConfigurationList;
			buildConfigurations = (
				EE52F82623F51F87001E6348 /* Debug */,
				EE52F82723F51F87001E6348 /* Release */,
			);
			defaultConfigurationIsVisible = 0;
			defaultConfigurationName = Release;
		};
		EE52F82823F51F87001E6348 /* Build configuration list for PBXNativeTarget "Guess the lyrics_app" */ = {
			isa = XCConfigurationList;
			buildConfigurations = (
				EE52F82923F51F87001E6348 /* Debug */,
				EE52F82A23F51F87001E6348 /* Release */,
			);
			defaultConfigurationIsVisible = 0;
			defaultConfigurationName = Release;
		};
/* End XCConfigurationList section */
	};
	rootObject = EE52F80C23F51F7C001E6348 /* Project object */;
}
